
Microsoft Visual Studio Solution File, Format Version 12.00
# Visual Studio Version 17
VisualStudioVersion = 17.5.2.0
MinimumVisualStudioVersion = 10.0.40219.1
Project("{FAE04EC0-301F-11D3-BF4B-00C04F79EFBC}") = "Bilnex.Pos", "Bilnex.Pos\Bilnex.Pos.csproj", "{CEAFC7D5-A07B-4402-8BE2-B526D81704F8}"
EndProject
Project("{FAE04EC0-301F-11D3-BF4B-00C04F79EFBC}") = "Bilnex.Pos.Tests", "Bilnex.Pos.Tests\Bilnex.Pos.Tests.csproj", "{EABC7884-3A4B-4A2A-9D9B-C32F4313E03E}"
EndProject
Global
	GlobalSection(SolutionConfigurationPlatforms) = preSolution
		Debug|Any CPU = Debug|Any CPU
		Debug|x64 = Debug|x64
		Debug|x86 = Debug|x86
		Release|Any CPU = Release|Any CPU
		Release|x64 = Release|x64
		Release|x86 = Release|x86
	EndGlobalSection
	GlobalSection(ProjectConfigurationPlatforms) = postSolution
		{CEAFC7D5-A07B-4402-8BE2-B526D81704F8}.Debug|Any CPU.ActiveCfg = Debug|Any CPU
		{CEAFC7D5-A07B-4402-8BE2-B526D81704F8}.Debug|Any CPU.Build.0 = Debug|Any CPU
		{CEAFC7D5-A07B-4402-8BE2-B526D81704F8}.Debug|x64.ActiveCfg = Debug|Any CPU
		{CEAFC7D5-A07B-4402-8BE2-B526D81704F8}.Debug|x64.Build.0 = Debug|Any CPU
		{CEAFC7D5-A07B-4402-8BE2-B526D81704F8}.Debug|x86.ActiveCfg = Debug|Any CPU
		{CEAFC7D5-A07B-4402-8BE2-B526D81704F8}.Debug|x86.Build.0 = Debug|Any CPU
		{CEAFC7D5-A07B-4402-8BE2-B526D81704F8}.Release|Any CPU.ActiveCfg = Release|Any CPU
		{CEAFC7D5-A07B-4402-8BE2-B526D81704F8}.Release|Any CPU.Build.0 = Release|Any CPU
		{CEAFC7D5-A07B-4402-8BE2-B526D81704F8}.Release|x64.ActiveCfg = Release|Any CPU
		{CEAFC7D5-A07B-4402-8BE2-B526D81704F8}.Release|x64.Build.0 = Release|Any CPU
		{CEAFC7D5-A07B-4402-8BE2-B526D81704F8}.Release|x86.ActiveCfg = Release|Any CPU
		{CEAFC7D5-A07B-4402-8BE2-B526D81704F8}.Release|x86.Build.0 = Release|Any CPU
		{EABC7884-3A4B-4A2A-9D9B-C32F4313E03E}.Debug|Any CPU.ActiveCfg = Debug|Any CPU
		{EABC7884-3A4B-4A2A-9D9B-C32F4313E03E}.Debug|Any CPU.Build.0 = Debug|Any CPU
		{EABC7884-3A4B-4A2A-9D9B-C32F4313E03E}.Debug|x64.ActiveCfg = Debug|Any CPU
		{EABC7884-3A4B-4A2A-9D9B-C32F4313E03E}.Debug|x64.Build.0 = Debug|Any CPU
		{EABC7884-3A4B-4A2A-9D9B-C32F4313E03E}.Debug|x86.ActiveCfg = Debug|Any CPU
		{EABC7884-3A4B-4A2A-9D9B-C32F4313E03E}.Debug|x86.Build.0 = Debug|Any CPU
		{EABC7884-3A4B-4A2A-9D9B-C32F4313E03E}.Release|Any CPU.ActiveCfg = Release|Any CPU
		{EABC7884-3A4B-4A2A-9D9B-C32F4313E03E}.Release|Any CPU.Build.0 = Release|Any CPU
		{EABC7884-3A4B-4A2A-9D9B-C32F4313E03E}.Release|x64.ActiveCfg = Release|Any CPU
		{EABC7884-3A4B-4A2A-9D9B-C32F4313E03E}.Release|x64.Build.0 = Release|Any CPU
		{EABC7884-3A4B-4A2A-9D9B-C32F4313E03E}.Release|x86.ActiveCfg = Release|Any CPU
		{EABC7884-3A4B-4A2A-9D9B-C32F4313E03E}.Release|x86.Build.0 = Release|Any CPU
	EndGlobalSection
	GlobalSection(SolutionProperties) = preSolution
		HideSolutionNode = FALSE
	EndGlobalSection
	GlobalSection(ExtensibilityGlobals) = postSolution
		SolutionGuid = {1804C378-C55F-4A7C-A2EB-4B515098057C}
	EndGlobalSection
EndGlobal
